
Microsoft Visual Studio Solution File, Format Version 12.00
# Visual Studio Version 16
VisualStudioVersion = 16.0.30717.126
MinimumVisualStudioVersion = 10.0.40219.1
Project("{8BC9CEB8-8B4A-11D0-8D11-00A0C91BC942}") = "DirectX12Study", "DirectX12Study.vcxproj", "{E7F86845-C0C6-47E7-AC05-FA90D2078BDB}"
EndProject
Global
	GlobalSection(SolutionConfigurationPlatforms) = preSolution
		Debug|x64 = Debug|x64
		Release|x64 = Release|x64
	EndGlobalSection
	GlobalSection(ProjectConfigurationPlatforms) = postSolution
		{E7F86845-C0C6-47E7-AC05-FA90D2078BDB}.Debug|x64.ActiveCfg = Debug|x64
		{E7F86845-C0C6-47E7-AC05-FA90D2078BDB}.Debug|x64.Build.0 = Debug|x64
		{E7F86845-C0C6-47E7-AC05-FA90D2078BDB}.Release|x64.ActiveCfg = Release|x64
		{E7F86845-C0C6-47E7-AC05-FA90D2078BDB}.Release|x64.Build.0 = Release|x64
	EndGlobalSection
	GlobalSection(SolutionProperties) = preSolution
		HideSolutionNode = FALSE
	EndGlobalSection
	GlobalSection(ExtensibilityGlobals) = postSolution
		SolutionGuid = {64B9CA89-131B-4086-AB40-120F96A551B6}
	EndGlobalSection
EndGlobal
